{
  "name": "rust-s3",
  "version": "0.0.1",
  "lockfileVersion": 2,
  "requires": true,
  "packages": {
    "": {
      "name": "rust-s3",
      "version": "0.0.1",
      "license": "MIT",
      "devDependencies": {
        "@napi-rs/cli": "^2.13.2",
        "typescript": "^4.9.4",
        "webpack-node-externals": "^3.0.0"
      },
      "engines": {
        "node": ">= 16"
      }
    },
    "node_modules/@napi-rs/cli": {
      "version": "2.14.1",
      "resolved": "https://registry.npmjs.org/@napi-rs/cli/-/cli-2.14.1.tgz",
      "integrity": "sha512-+mnge6gvdbOrwtYrBO7iMlTjXcaRk17wDqzxSG4SPBKPhI3HroWY+tRsx+OdluAuRyJZOkWTdsvGnMsGO1ff/A==",
      "dev": true,
      "bin": {
        "napi": "scripts/index.js"
      },
      "engines": {
        "node": ">= 10"
      },
      "funding": {
        "type": "github",
        "url": "https://github.com/sponsors/Brooooooklyn"
      }
    },
    "node_modules/typescript": {
      "version": "4.9.4",
      "resolved": "https://registry.npmjs.org/typescript/-/typescript-4.9.4.tgz",
      "integrity": "sha512-Uz+dTXYzxXXbsFpM86Wh3dKCxrQqUcVMxwU54orwlJjOpO3ao8L7j5lH+dWfTwgCwIuM9GQ2kvVotzYJMXTBZg==",
      "dev": true,
      "bin": {
        "tsc": "bin/tsc",
        "tsserver": "bin/tsserver"
      },
      "engines": {
        "node": ">=4.2.0"
      }
    },
    "node_modules/webpack-node-externals": {
      "version": "3.0.0",
      "resolved": "https://registry.npmjs.org/webpack-node-externals/-/webpack-node-externals-3.0.0.tgz",
      "integrity": "sha512-LnL6Z3GGDPht/AigwRh2dvL9PQPFQ8skEpVrWZXLWBYmqcaojHNN0onvHzie6rq7EWKrrBfPYqNEzTJgiwEQDQ==",
      "dev": true,
      "engines": {
        "node": ">=6"
      }
    }
  },
  "dependencies": {
    "@napi-rs/cli": {
      "version": "2.14.1",
      "resolved": "https://registry.npmjs.org/@napi-rs/cli/-/cli-2.14.1.tgz",
      "integrity": "sha512-+mnge6gvdbOrwtYrBO7iMlTjXcaRk17wDqzxSG4SPBKPhI3HroWY+tRsx+OdluAuRyJZOkWTdsvGnMsGO1ff/A==",
      "dev": true
    },
    "typescript": {
      "version": "4.9.4",
      "resolved": "https://registry.npmjs.org/typescript/-/typescript-4.9.4.tgz",
      "integrity": "sha512-Uz+dTXYzxXXbsFpM86Wh3dKCxrQqUcVMxwU54orwlJjOpO3ao8L7j5lH+dWfTwgCwIuM9GQ2kvVotzYJMXTBZg==",
      "dev": true
    },
    "webpack-node-externals": {
      "version": "3.0.0",
      "resolved": "https://registry.npmjs.org/webpack-node-externals/-/webpack-node-externals-3.0.0.tgz",
      "integrity": "sha512-LnL6Z3GGDPht/AigwRh2dvL9PQPFQ8skEpVrWZXLWBYmqcaojHNN0onvHzie6rq7EWKrrBfPYqNEzTJgiwEQDQ==",
      "dev": true
    }
  }
}
